
Microsoft Visual Studio Solution File, Format Version 12.00
# Visual Studio 14
VisualStudioVersion = 14.0.25420.1
MinimumVisualStudioVersion = 10.0.40219.1
Project("{FAE04EC0-301F-11D3-BF4B-00C04F79EFBC}") = "RevitRubyShell", "RevitRubyShell\RevitRubyShell.csproj", "{7D338F72-25C9-4008-B1A1-E858BFE719A4}"
EndProject
Project("{FAE04EC0-301F-11D3-BF4B-00C04F79EFBC}") = "RevitRubyShellInstaller", "RevitRubyShellInstaller\RevitRubyShellInstaller.csproj", "{92B8226F-90C2-428C-8981-7F76E488DB04}"
	ProjectSection(ProjectDependencies) = postProject
		{7D338F72-25C9-4008-B1A1-E858BFE719A4} = {7D338F72-25C9-4008-B1A1-E858BFE719A4}
	EndProjectSection
EndProject
Global
	GlobalSection(SolutionConfigurationPlatforms) = preSolution
		Debug|Any CPU = Debug|Any CPU
		Release|Any CPU = Release|Any CPU
	EndGlobalSection
	GlobalSection(ProjectConfigurationPlatforms) = postSolution
		{7D338F72-25C9-4008-B1A1-E858BFE719A4}.Debug|Any CPU.ActiveCfg = Debug|2018
		{7D338F72-25C9-4008-B1A1-E858BFE719A4}.Debug|Any CPU.Build.0 = Debug|2018
		{7D338F72-25C9-4008-B1A1-E858BFE719A4}.Release|Any CPU.ActiveCfg = Release|2014
		{7D338F72-25C9-4008-B1A1-E858BFE719A4}.Release|Any CPU.Build.0 = Release|2014
		{92B8226F-90C2-428C-8981-7F76E488DB04}.Debug|Any CPU.ActiveCfg = Debug|Any CPU
		{92B8226F-90C2-428C-8981-7F76E488DB04}.Debug|Any CPU.Build.0 = Debug|Any CPU
		{92B8226F-90C2-428C-8981-7F76E488DB04}.Release|Any CPU.ActiveCfg = Release|Any CPU
		{92B8226F-90C2-428C-8981-7F76E488DB04}.Release|Any CPU.Build.0 = Release|Any CPU
	EndGlobalSection
	GlobalSection(SolutionProperties) = preSolution
		HideSolutionNode = FALSE
	EndGlobalSection
EndGlobal
